
Microsoft Visual Studio Solution File, Format Version 10.00
# Visual Studio 2008
Project("{2150E333-8FDC-42A3-9474-1A3956D46DE8}") = "DataAccess", "DataAccess", "{0C4D9EF1-23AA-499A-B47D-7E8682B8CCCF}"
EndProject
Project("{2150E333-8FDC-42A3-9474-1A3956D46DE8}") = "Utilities", "Utilities", "{8E18DECF-7D5A-4C5E-99DF-88EBAF848A0C}"
EndProject
Project("{2150E333-8FDC-42A3-9474-1A3956D46DE8}") = "Application", "Application", "{67537A82-D395-4466-BB27-CBAC4D0E90C5}"
EndProject
Project("{FAE04EC0-301F-11D3-BF4B-00C04F79EFBC}") = "CodeFactory.DataAccess", "CodeFactory.DataAccess\CodeFactory.DataAccess.csproj", "{C3427CCF-9FEB-40E4-8AF1-510506ACC38F}"
EndProject
Project("{FAE04EC0-301F-11D3-BF4B-00C04F79EFBC}") = "CodeFactory.DataAccess.TransactionHandling", "CodeFactory.DataAccess.TransactionHandling\CodeFactory.DataAccess.TransactionHandling.csproj", "{C06F2008-3A4E-4923-9C91-0517FB400556}"
EndProject
Project("{FAE04EC0-301F-11D3-BF4B-00C04F79EFBC}") = "CodeFactory.DataAccess.Transactions", "CodeFactory.DataAccess.Transactions\CodeFactory.DataAccess.Transactions.csproj", "{2CF270E6-DBFB-41E2-AAEB-61C0F08B147A}"
EndProject
Project("{FAE04EC0-301F-11D3-BF4B-00C04F79EFBC}") = "CodeFactory.Web", "CodeFactory.Web\CodeFactory.Web.csproj", "{255A21C3-33D9-4DB0-BE1F-278C689A165D}"
EndProject
Project("{FAE04EC0-301F-11D3-BF4B-00C04F79EFBC}") = "CodeFactory.Utilities", "CodeFactory.Utilities\CodeFactory.Utilities.csproj", "{AB5ED03D-F6D5-4272-9A73-9FD5877917CF}"
EndProject
Project("{FAE04EC0-301F-11D3-BF4B-00C04F79EFBC}") = "CodeFactory.Gallery.Core", "CodeFactory.Gallery.Core\CodeFactory.Gallery.Core.csproj", "{621CBCDE-ACA5-45C5-B97D-7212D7B8EBEE}"
EndProject
Project("{4F174C21-8C12-11D0-8340-0000F80270F8}") = "CodeFactory.Gallery", "CodeFactory.Gallery\CodeFactory.Gallery.dbp", "{4F759C53-DA18-41EE-8153-48D3DD733B40}"
EndProject
Project("{E24C65DC-7377-472B-9ABA-BC803B73C61A}") = "CodeFactory.Gallery.WebClient", "CodeFactory.Gallery.WebClient\", "{C60BF8A4-04C5-4CFF-9B78-D7F4B8DE1EDA}"
	ProjectSection(WebsiteProperties) = preProject
		TargetFramework = "3.5"
		ProjectReferences = "{2CF270E6-DBFB-41E2-AAEB-61C0F08B147A}|CodeFactory.DataAccess.Transactions.dll;{255A21C3-33D9-4DB0-BE1F-278C689A165D}|CodeFactory.Web.dll;{AB5ED03D-F6D5-4272-9A73-9FD5877917CF}|CodeFactory.Utilities.dll;{621CBCDE-ACA5-45C5-B97D-7212D7B8EBEE}|CodeFactory.Gallery.Core.dll;{C3427CCF-9FEB-40E4-8AF1-510506ACC38F}|CodeFactory.DataAccess.dll;{C06F2008-3A4E-4923-9C91-0517FB400556}|CodeFactory.DataAccess.TransactionHandling.dll;"
		Debug.AspNetCompiler.VirtualPath = "/CodeFactory.Gallery.WebClient"
		Debug.AspNetCompiler.PhysicalPath = "CodeFactory.Gallery.WebClient\"
		Debug.AspNetCompiler.TargetPath = "PrecompiledWeb\CodeFactory.Gallery.WebClient\"
		Debug.AspNetCompiler.Updateable = "true"
		Debug.AspNetCompiler.ForceOverwrite = "true"
		Debug.AspNetCompiler.FixedNames = "false"
		Debug.AspNetCompiler.Debug = "True"
		Release.AspNetCompiler.VirtualPath = "/CodeFactory.Gallery.WebClient"
		Release.AspNetCompiler.PhysicalPath = "CodeFactory.Gallery.WebClient\"
		Release.AspNetCompiler.TargetPath = "PrecompiledWeb\CodeFactory.Gallery.WebClient\"
		Release.AspNetCompiler.Updateable = "true"
		Release.AspNetCompiler.ForceOverwrite = "true"
		Release.AspNetCompiler.FixedNames = "false"
		Release.AspNetCompiler.Debug = "False"
		VWDPort = "1678"
	EndProjectSection
EndProject
Global
	GlobalSection(SolutionConfigurationPlatforms) = preSolution
		Debug|.NET = Debug|.NET
		Debug|Any CPU = Debug|Any CPU
		Debug|Mixed Platforms = Debug|Mixed Platforms
		Release|.NET = Release|.NET
		Release|Any CPU = Release|Any CPU
		Release|Mixed Platforms = Release|Mixed Platforms
	EndGlobalSection
	GlobalSection(ProjectConfigurationPlatforms) = postSolution
		{C3427CCF-9FEB-40E4-8AF1-510506ACC38F}.Debug|.NET.ActiveCfg = Debug|Any CPU
		{C3427CCF-9FEB-40E4-8AF1-510506ACC38F}.Debug|Any CPU.ActiveCfg = Debug|Any CPU
		{C3427CCF-9FEB-40E4-8AF1-510506ACC38F}.Debug|Any CPU.Build.0 = Debug|Any CPU
		{C3427CCF-9FEB-40E4-8AF1-510506ACC38F}.Debug|Mixed Platforms.ActiveCfg = Debug|Any CPU
		{C3427CCF-9FEB-40E4-8AF1-510506ACC38F}.Debug|Mixed Platforms.Build.0 = Debug|Any CPU
		{C3427CCF-9FEB-40E4-8AF1-510506ACC38F}.Release|.NET.ActiveCfg = Release|Any CPU
		{C3427CCF-9FEB-40E4-8AF1-510506ACC38F}.Release|Any CPU.ActiveCfg = Release|Any CPU
		{C3427CCF-9FEB-40E4-8AF1-510506ACC38F}.Release|Any CPU.Build.0 = Release|Any CPU
		{C3427CCF-9FEB-40E4-8AF1-510506ACC38F}.Release|Mixed Platforms.ActiveCfg = Release|Any CPU
		{C3427CCF-9FEB-40E4-8AF1-510506ACC38F}.Release|Mixed Platforms.Build.0 = Release|Any CPU
		{C06F2008-3A4E-4923-9C91-0517FB400556}.Debug|.NET.ActiveCfg = Debug|Any CPU
		{C06F2008-3A4E-4923-9C91-0517FB400556}.Debug|Any CPU.ActiveCfg = Debug|Any CPU
		{C06F2008-3A4E-4923-9C91-0517FB400556}.Debug|Any CPU.Build.0 = Debug|Any CPU
		{C06F2008-3A4E-4923-9C91-0517FB400556}.Debug|Mixed Platforms.ActiveCfg = Debug|Any CPU
		{C06F2008-3A4E-4923-9C91-0517FB400556}.Debug|Mixed Platforms.Build.0 = Debug|Any CPU
		{C06F2008-3A4E-4923-9C91-0517FB400556}.Release|.NET.ActiveCfg = Release|Any CPU
		{C06F2008-3A4E-4923-9C91-0517FB400556}.Release|Any CPU.ActiveCfg = Release|Any CPU
		{C06F2008-3A4E-4923-9C91-0517FB400556}.Release|Any CPU.Build.0 = Release|Any CPU
		{C06F2008-3A4E-4923-9C91-0517FB400556}.Release|Mixed Platforms.ActiveCfg = Release|Any CPU
		{C06F2008-3A4E-4923-9C91-0517FB400556}.Release|Mixed Platforms.Build.0 = Release|Any CPU
		{2CF270E6-DBFB-41E2-AAEB-61C0F08B147A}.Debug|.NET.ActiveCfg = Debug|Any CPU
		{2CF270E6-DBFB-41E2-AAEB-61C0F08B147A}.Debug|Any CPU.ActiveCfg = Debug|Any CPU
		{2CF270E6-DBFB-41E2-AAEB-61C0F08B147A}.Debug|Any CPU.Build.0 = Debug|Any CPU
		{2CF270E6-DBFB-41E2-AAEB-61C0F08B147A}.Debug|Mixed Platforms.ActiveCfg = Debug|Any CPU
		{2CF270E6-DBFB-41E2-AAEB-61C0F08B147A}.Debug|Mixed Platforms.Build.0 = Debug|Any CPU
		{2CF270E6-DBFB-41E2-AAEB-61C0F08B147A}.Release|.NET.ActiveCfg = Release|Any CPU
		{2CF270E6-DBFB-41E2-AAEB-61C0F08B147A}.Release|Any CPU.ActiveCfg = Release|Any CPU
		{2CF270E6-DBFB-41E2-AAEB-61C0F08B147A}.Release|Any CPU.Build.0 = Release|Any CPU
		{2CF270E6-DBFB-41E2-AAEB-61C0F08B147A}.Release|Mixed Platforms.ActiveCfg = Release|Any CPU
		{2CF270E6-DBFB-41E2-AAEB-61C0F08B147A}.Release|Mixed Platforms.Build.0 = Release|Any CPU
		{255A21C3-33D9-4DB0-BE1F-278C689A165D}.Debug|.NET.ActiveCfg = Debug|Any CPU
		{255A21C3-33D9-4DB0-BE1F-278C689A165D}.Debug|Any CPU.ActiveCfg = Debug|Any CPU
		{255A21C3-33D9-4DB0-BE1F-278C689A165D}.Debug|Any CPU.Build.0 = Debug|Any CPU
		{255A21C3-33D9-4DB0-BE1F-278C689A165D}.Debug|Mixed Platforms.ActiveCfg = Debug|Any CPU
		{255A21C3-33D9-4DB0-BE1F-278C689A165D}.Debug|Mixed Platforms.Build.0 = Debug|Any CPU
		{255A21C3-33D9-4DB0-BE1F-278C689A165D}.Release|.NET.ActiveCfg = Release|Any CPU
		{255A21C3-33D9-4DB0-BE1F-278C689A165D}.Release|Any CPU.ActiveCfg = Release|Any CPU
		{255A21C3-33D9-4DB0-BE1F-278C689A165D}.Release|Any CPU.Build.0 = Release|Any CPU
		{255A21C3-33D9-4DB0-BE1F-278C689A165D}.Release|Mixed Platforms.ActiveCfg = Release|Any CPU
		{255A21C3-33D9-4DB0-BE1F-278C689A165D}.Release|Mixed Platforms.Build.0 = Release|Any CPU
		{AB5ED03D-F6D5-4272-9A73-9FD5877917CF}.Debug|.NET.ActiveCfg = Debug|Any CPU
		{AB5ED03D-F6D5-4272-9A73-9FD5877917CF}.Debug|Any CPU.ActiveCfg = Debug|Any CPU
		{AB5ED03D-F6D5-4272-9A73-9FD5877917CF}.Debug|Any CPU.Build.0 = Debug|Any CPU
		{AB5ED03D-F6D5-4272-9A73-9FD5877917CF}.Debug|Mixed Platforms.ActiveCfg = Debug|Any CPU
		{AB5ED03D-F6D5-4272-9A73-9FD5877917CF}.Debug|Mixed Platforms.Build.0 = Debug|Any CPU
		{AB5ED03D-F6D5-4272-9A73-9FD5877917CF}.Release|.NET.ActiveCfg = Release|Any CPU
		{AB5ED03D-F6D5-4272-9A73-9FD5877917CF}.Release|Any CPU.ActiveCfg = Release|Any CPU
		{AB5ED03D-F6D5-4272-9A73-9FD5877917CF}.Release|Any CPU.Build.0 = Release|Any CPU
		{AB5ED03D-F6D5-4272-9A73-9FD5877917CF}.Release|Mixed Platforms.ActiveCfg = Release|Any CPU
		{AB5ED03D-F6D5-4272-9A73-9FD5877917CF}.Release|Mixed Platforms.Build.0 = Release|Any CPU
		{621CBCDE-ACA5-45C5-B97D-7212D7B8EBEE}.Debug|.NET.ActiveCfg = Debug|Any CPU
		{621CBCDE-ACA5-45C5-B97D-7212D7B8EBEE}.Debug|Any CPU.ActiveCfg = Debug|Any CPU
		{621CBCDE-ACA5-45C5-B97D-7212D7B8EBEE}.Debug|Any CPU.Build.0 = Debug|Any CPU
		{621CBCDE-ACA5-45C5-B97D-7212D7B8EBEE}.Debug|Mixed Platforms.ActiveCfg = Debug|Any CPU
		{621CBCDE-ACA5-45C5-B97D-7212D7B8EBEE}.Debug|Mixed Platforms.Build.0 = Debug|Any CPU
		{621CBCDE-ACA5-45C5-B97D-7212D7B8EBEE}.Release|.NET.ActiveCfg = Release|Any CPU
		{621CBCDE-ACA5-45C5-B97D-7212D7B8EBEE}.Release|Any CPU.ActiveCfg = Release|Any CPU
		{621CBCDE-ACA5-45C5-B97D-7212D7B8EBEE}.Release|Any CPU.Build.0 = Release|Any CPU
		{621CBCDE-ACA5-45C5-B97D-7212D7B8EBEE}.Release|Mixed Platforms.ActiveCfg = Release|Any CPU
		{621CBCDE-ACA5-45C5-B97D-7212D7B8EBEE}.Release|Mixed Platforms.Build.0 = Release|Any CPU
		{C60BF8A4-04C5-4CFF-9B78-D7F4B8DE1EDA}.Debug|.NET.ActiveCfg = Debug|Any CPU
		{C60BF8A4-04C5-4CFF-9B78-D7F4B8DE1EDA}.Debug|Any CPU.ActiveCfg = Debug|Any CPU
		{C60BF8A4-04C5-4CFF-9B78-D7F4B8DE1EDA}.Debug|Any CPU.Build.0 = Debug|Any CPU
		{C60BF8A4-04C5-4CFF-9B78-D7F4B8DE1EDA}.Debug|Mixed Platforms.ActiveCfg = Debug|Any CPU
		{C60BF8A4-04C5-4CFF-9B78-D7F4B8DE1EDA}.Debug|Mixed Platforms.Build.0 = Debug|Any CPU
		{C60BF8A4-04C5-4CFF-9B78-D7F4B8DE1EDA}.Release|.NET.ActiveCfg = Debug|Any CPU
		{C60BF8A4-04C5-4CFF-9B78-D7F4B8DE1EDA}.Release|Any CPU.ActiveCfg = Debug|Any CPU
		{C60BF8A4-04C5-4CFF-9B78-D7F4B8DE1EDA}.Release|Any CPU.Build.0 = Debug|Any CPU
		{C60BF8A4-04C5-4CFF-9B78-D7F4B8DE1EDA}.Release|Mixed Platforms.ActiveCfg = Debug|Any CPU
		{C60BF8A4-04C5-4CFF-9B78-D7F4B8DE1EDA}.Release|Mixed Platforms.Build.0 = Debug|Any CPU
	EndGlobalSection
	GlobalSection(SolutionProperties) = preSolution
		HideSolutionNode = FALSE
	EndGlobalSection
	GlobalSection(NestedProjects) = preSolution
		{C3427CCF-9FEB-40E4-8AF1-510506ACC38F} = {0C4D9EF1-23AA-499A-B47D-7E8682B8CCCF}
		{C06F2008-3A4E-4923-9C91-0517FB400556} = {0C4D9EF1-23AA-499A-B47D-7E8682B8CCCF}
		{2CF270E6-DBFB-41E2-AAEB-61C0F08B147A} = {0C4D9EF1-23AA-499A-B47D-7E8682B8CCCF}
		{255A21C3-33D9-4DB0-BE1F-278C689A165D} = {8E18DECF-7D5A-4C5E-99DF-88EBAF848A0C}
		{AB5ED03D-F6D5-4272-9A73-9FD5877917CF} = {8E18DECF-7D5A-4C5E-99DF-88EBAF848A0C}
		{621CBCDE-ACA5-45C5-B97D-7212D7B8EBEE} = {67537A82-D395-4466-BB27-CBAC4D0E90C5}
		{4F759C53-DA18-41EE-8153-48D3DD733B40} = {67537A82-D395-4466-BB27-CBAC4D0E90C5}
		{C60BF8A4-04C5-4CFF-9B78-D7F4B8DE1EDA} = {67537A82-D395-4466-BB27-CBAC4D0E90C5}
	EndGlobalSection
EndGlobal
